
Microsoft Visual Studio Solution File, Format Version 12.00
# Visual Studio Version 17
VisualStudioVersion = 17.9.34616.47
MinimumVisualStudioVersion = 10.0.40219.1
Project("{9A19103F-16F7-4668-BE54-9A1E7A4F7556}") = "ArchiveMaster.UI", "ArchiveMaster.UI\ArchiveMaster.UI.csproj", "{8B0668B2-6C34-45F9-868C-3A6B93E065D9}"
	ProjectSection(ProjectDependencies) = postProject
		{B650BAE5-6F4E-4AAC-BE9F-550CB919240A} = {B650BAE5-6F4E-4AAC-BE9F-550CB919240A}
	EndProjectSection
EndProject
Project("{9A19103F-16F7-4668-BE54-9A1E7A4F7556}") = "ArchiveMaster.UI.Desktop", "ArchiveMaster.UI.Desktop\ArchiveMaster.UI.Desktop.csproj", "{9186ABDC-98D6-4F28-9F1C-112BE18C7F95}"
	ProjectSection(ProjectDependencies) = postProject
		{B650BAE5-6F4E-4AAC-BE9F-550CB919240A} = {B650BAE5-6F4E-4AAC-BE9F-550CB919240A}
	EndProjectSection
EndProject
Project("{9A19103F-16F7-4668-BE54-9A1E7A4F7556}") = "ArchiveMaster.Core", "ArchiveMaster.Core\ArchiveMaster.Core.csproj", "{B3A659AA-1D1B-4440-BC79-0D17FA5512B5}"
EndProject
Project("{9A19103F-16F7-4668-BE54-9A1E7A4F7556}") = "ArchiveMaster.Module.PhotoArchive", "ArchiveMaster.Module.PhotoArchive\ArchiveMaster.Module.PhotoArchive.csproj", "{B650BAE5-6F4E-4AAC-BE9F-550CB919240A}"
EndProject
Project("{9A19103F-16F7-4668-BE54-9A1E7A4F7556}") = "ArchiveMaster.Module.FileTools", "ArchiveMaster.Module.FileTools\ArchiveMaster.Module.FileTools.csproj", "{4D36C3E2-E53A-4E9E-850E-5D43B90BDBBA}"
EndProject
Project("{9A19103F-16F7-4668-BE54-9A1E7A4F7556}") = "ArchiveMaster.Module.OfflineSync", "ArchiveMaster.Module.OfflineSync\ArchiveMaster.Module.OfflineSync.csproj", "{98187AB8-D1E4-4806-8CF4-A45EE7EAE33D}"
EndProject
Project("{9A19103F-16F7-4668-BE54-9A1E7A4F7556}") = "ArchiveMaster.Module.DiscArchive", "ArchiveMaster.Module.DiscArchive\ArchiveMaster.Module.DiscArchive.csproj", "{33A2EC38-172C-4DA8-BF1D-865072142C22}"
EndProject
Project("{2150E333-8FDC-42A3-9474-1A3956D46DE8}") = "解决方案项", "解决方案项", "{0F004A9D-6953-45C4-804E-31474873B19D}"
	ProjectSection(SolutionItems) = preProject
		build\build_android.ps1 = build\build_android.ps1
		build\build_desktop.ps1 = build\build_desktop.ps1
		build\clean.ps1 = build\clean.ps1
		Directory.Build.props = Directory.Build.props
		Directory.Packages.props = Directory.Packages.props
		README.md = README.md
	EndProjectSection
EndProject
Project("{9A19103F-16F7-4668-BE54-9A1E7A4F7556}") = "ArchiveMaster.UI.Android", "ArchiveMaster.UI.Android\ArchiveMaster.UI.Android.csproj", "{DAF8BF3F-8A6D-41F9-A06A-238F50269AF5}"
EndProject
Project("{9A19103F-16F7-4668-BE54-9A1E7A4F7556}") = "ArchiveMaster.Module.FileBackupper", "ArchiveMaster.Module.FileBackupper\ArchiveMaster.Module.FileBackupper.csproj", "{3CFF1F9D-1903-411F-96B0-6904CABEA9D0}"
EndProject
Project("{FAE04EC0-301F-11D3-BF4B-00C04F79EFBC}") = "ArchiveMaster.Service", "ArchiveMaster.Service\ArchiveMaster.Service.csproj", "{71F392F2-E958-4109-8757-E8A324333A40}"
EndProject
Project("{2150E333-8FDC-42A3-9474-1A3956D46DE8}") = "Modules", "Modules", "{C4072B96-4E0F-46D1-8C0A-85E327F35C40}"
EndProject
Global
	GlobalSection(SolutionConfigurationPlatforms) = preSolution
		Debug|Any CPU = Debug|Any CPU
		Release|Any CPU = Release|Any CPU
	EndGlobalSection
	GlobalSection(ProjectConfigurationPlatforms) = postSolution
		{8B0668B2-6C34-45F9-868C-3A6B93E065D9}.Debug|Any CPU.ActiveCfg = Debug|Any CPU
		{8B0668B2-6C34-45F9-868C-3A6B93E065D9}.Debug|Any CPU.Build.0 = Debug|Any CPU
		{8B0668B2-6C34-45F9-868C-3A6B93E065D9}.Release|Any CPU.ActiveCfg = Release|Any CPU
		{8B0668B2-6C34-45F9-868C-3A6B93E065D9}.Release|Any CPU.Build.0 = Release|Any CPU
		{9186ABDC-98D6-4F28-9F1C-112BE18C7F95}.Debug|Any CPU.ActiveCfg = Debug|Any CPU
		{9186ABDC-98D6-4F28-9F1C-112BE18C7F95}.Debug|Any CPU.Build.0 = Debug|Any CPU
		{9186ABDC-98D6-4F28-9F1C-112BE18C7F95}.Release|Any CPU.ActiveCfg = Release|Any CPU
		{9186ABDC-98D6-4F28-9F1C-112BE18C7F95}.Release|Any CPU.Build.0 = Release|Any CPU
		{B3A659AA-1D1B-4440-BC79-0D17FA5512B5}.Debug|Any CPU.ActiveCfg = Debug|Any CPU
		{B3A659AA-1D1B-4440-BC79-0D17FA5512B5}.Debug|Any CPU.Build.0 = Debug|Any CPU
		{B3A659AA-1D1B-4440-BC79-0D17FA5512B5}.Release|Any CPU.ActiveCfg = Release|Any CPU
		{B3A659AA-1D1B-4440-BC79-0D17FA5512B5}.Release|Any CPU.Build.0 = Release|Any CPU
		{B650BAE5-6F4E-4AAC-BE9F-550CB919240A}.Debug|Any CPU.ActiveCfg = Debug|Any CPU
		{B650BAE5-6F4E-4AAC-BE9F-550CB919240A}.Debug|Any CPU.Build.0 = Debug|Any CPU
		{B650BAE5-6F4E-4AAC-BE9F-550CB919240A}.Release|Any CPU.ActiveCfg = Release|Any CPU
		{B650BAE5-6F4E-4AAC-BE9F-550CB919240A}.Release|Any CPU.Build.0 = Release|Any CPU
		{4D36C3E2-E53A-4E9E-850E-5D43B90BDBBA}.Debug|Any CPU.ActiveCfg = Debug|Any CPU
		{4D36C3E2-E53A-4E9E-850E-5D43B90BDBBA}.Debug|Any CPU.Build.0 = Debug|Any CPU
		{4D36C3E2-E53A-4E9E-850E-5D43B90BDBBA}.Release|Any CPU.ActiveCfg = Release|Any CPU
		{4D36C3E2-E53A-4E9E-850E-5D43B90BDBBA}.Release|Any CPU.Build.0 = Release|Any CPU
		{98187AB8-D1E4-4806-8CF4-A45EE7EAE33D}.Debug|Any CPU.ActiveCfg = Debug|Any CPU
		{98187AB8-D1E4-4806-8CF4-A45EE7EAE33D}.Debug|Any CPU.Build.0 = Debug|Any CPU
		{98187AB8-D1E4-4806-8CF4-A45EE7EAE33D}.Release|Any CPU.ActiveCfg = Release|Any CPU
		{98187AB8-D1E4-4806-8CF4-A45EE7EAE33D}.Release|Any CPU.Build.0 = Release|Any CPU
		{33A2EC38-172C-4DA8-BF1D-865072142C22}.Debug|Any CPU.ActiveCfg = Debug|Any CPU
		{33A2EC38-172C-4DA8-BF1D-865072142C22}.Debug|Any CPU.Build.0 = Debug|Any CPU
		{33A2EC38-172C-4DA8-BF1D-865072142C22}.Release|Any CPU.ActiveCfg = Release|Any CPU
		{33A2EC38-172C-4DA8-BF1D-865072142C22}.Release|Any CPU.Build.0 = Release|Any CPU
		{DAF8BF3F-8A6D-41F9-A06A-238F50269AF5}.Debug|Any CPU.ActiveCfg = Debug|Any CPU
		{DAF8BF3F-8A6D-41F9-A06A-238F50269AF5}.Debug|Any CPU.Build.0 = Debug|Any CPU
		{DAF8BF3F-8A6D-41F9-A06A-238F50269AF5}.Debug|Any CPU.Deploy.0 = Debug|Any CPU
		{DAF8BF3F-8A6D-41F9-A06A-238F50269AF5}.Release|Any CPU.ActiveCfg = Release|Any CPU
		{DAF8BF3F-8A6D-41F9-A06A-238F50269AF5}.Release|Any CPU.Build.0 = Release|Any CPU
		{DAF8BF3F-8A6D-41F9-A06A-238F50269AF5}.Release|Any CPU.Deploy.0 = Release|Any CPU
		{3CFF1F9D-1903-411F-96B0-6904CABEA9D0}.Debug|Any CPU.ActiveCfg = Debug|Any CPU
		{3CFF1F9D-1903-411F-96B0-6904CABEA9D0}.Debug|Any CPU.Build.0 = Debug|Any CPU
		{3CFF1F9D-1903-411F-96B0-6904CABEA9D0}.Release|Any CPU.ActiveCfg = Release|Any CPU
		{3CFF1F9D-1903-411F-96B0-6904CABEA9D0}.Release|Any CPU.Build.0 = Release|Any CPU
		{71F392F2-E958-4109-8757-E8A324333A40}.Debug|Any CPU.ActiveCfg = Debug|Any CPU
		{71F392F2-E958-4109-8757-E8A324333A40}.Debug|Any CPU.Build.0 = Debug|Any CPU
		{71F392F2-E958-4109-8757-E8A324333A40}.Release|Any CPU.ActiveCfg = Release|Any CPU
		{71F392F2-E958-4109-8757-E8A324333A40}.Release|Any CPU.Build.0 = Release|Any CPU
	EndGlobalSection
	GlobalSection(SolutionProperties) = preSolution
		HideSolutionNode = FALSE
	EndGlobalSection
	GlobalSection(ExtensibilityGlobals) = postSolution
		SolutionGuid = {1FDF463E-CFE7-477B-94E8-5D38744ECC9A}
	EndGlobalSection
	GlobalSection(NestedProjects) = preSolution
		{33A2EC38-172C-4DA8-BF1D-865072142C22} = {C4072B96-4E0F-46D1-8C0A-85E327F35C40}
		{3CFF1F9D-1903-411F-96B0-6904CABEA9D0} = {C4072B96-4E0F-46D1-8C0A-85E327F35C40}
		{4D36C3E2-E53A-4E9E-850E-5D43B90BDBBA} = {C4072B96-4E0F-46D1-8C0A-85E327F35C40}
		{98187AB8-D1E4-4806-8CF4-A45EE7EAE33D} = {C4072B96-4E0F-46D1-8C0A-85E327F35C40}
		{B650BAE5-6F4E-4AAC-BE9F-550CB919240A} = {C4072B96-4E0F-46D1-8C0A-85E327F35C40}
	EndGlobalSection
EndGlobal
